
Microsoft Visual Studio Solution File, Format Version 12.00
# Visual Studio Version 17
VisualStudioVersion = 17.5.33424.131
MinimumVisualStudioVersion = 10.0.40219.1
Project("{2150E333-8FDC-42A3-9474-1A3956D46DE8}") = "src", "src", "{E81A876A-B574-4745-B277-271457CF2C92}"
EndProject
Project("{2150E333-8FDC-42A3-9474-1A3956D46DE8}") = "Building Blocks", "Building Blocks", "{6BF41139-58A7-40C5-92D9-35E390D7F5CC}"
EndProject
Project("{2150E333-8FDC-42A3-9474-1A3956D46DE8}") = "Services", "Services", "{6AD2FD2D-96C0-4AB9-90F1-52FA3CC98ED0}"
EndProject
Project("{2150E333-8FDC-42A3-9474-1A3956D46DE8}") = "Web", "Web", "{75A9A867-D2A8-4398-BD1F-7401002033A3}"
EndProject
Project("{2150E333-8FDC-42A3-9474-1A3956D46DE8}") = "Identidade", "Identidade", "{9B0A111D-4B75-4AAE-B4F2-38E1D50A001D}"
EndProject
Project("{9A19103F-16F7-4668-BE54-9A1E7A4F7556}") = "NSE.Identidade.API", "src\services\identidade\NSE.Identidade.API\NSE.Identidade.API.csproj", "{7DE5A087-F391-42BA-BBF3-B536072A3186}"
EndProject
Project("{2150E333-8FDC-42A3-9474-1A3956D46DE8}") = "MVC", "MVC", "{D8C8F8BE-1AE7-4870-87B8-A882EC461114}"
EndProject
Project("{9A19103F-16F7-4668-BE54-9A1E7A4F7556}") = "NSE.WebApp.MVC", "src\web\MVC\NSE.WebApp.Mvc\NSE.WebApp.MVC.csproj", "{FD84E866-A377-47FD-8676-140EBAD265D3}"
EndProject
Project("{2150E333-8FDC-42A3-9474-1A3956D46DE8}") = "Core", "Core", "{4CCFCB5F-9150-4D48-B899-CAC7CB6FF0BC}"
EndProject
Project("{9A19103F-16F7-4668-BE54-9A1E7A4F7556}") = "NSE.Core", "src\building blocks\Core\NSE.Core\NSE.Core.csproj", "{264CD52E-7CFF-41B3-AFEA-9A336A2A5B92}"
EndProject
Project("{2150E333-8FDC-42A3-9474-1A3956D46DE8}") = "Carrinho", "Carrinho", "{56B78D41-1151-4538-AB97-DC78D639E9F1}"
EndProject
Project("{2150E333-8FDC-42A3-9474-1A3956D46DE8}") = "Catalogo", "Catalogo", "{CC399DC8-35E0-4271-8558-DC0BF6BD1E3D}"
EndProject
Project("{2150E333-8FDC-42A3-9474-1A3956D46DE8}") = "Cliente", "Cliente", "{0303224A-FE1B-4C5E-80FC-3B9D2E82593D}"
EndProject
Project("{2150E333-8FDC-42A3-9474-1A3956D46DE8}") = "Pagamento", "Pagamento", "{EC70AD9A-9A82-43BA-9460-BB07D3BA3230}"
EndProject
Project("{2150E333-8FDC-42A3-9474-1A3956D46DE8}") = "Pedido", "Pedido", "{80C368A8-4920-47B6-8B11-DC7B07FD5DD3}"
EndProject
Project("{9A19103F-16F7-4668-BE54-9A1E7A4F7556}") = "NSE.Carrinho.API", "src\services\Carrinho\NSE.Carrinho.API\NSE.Carrinho.API.csproj", "{D2A45E8A-4F0F-47FC-B411-50C77B5E67CF}"
EndProject
Global
	GlobalSection(SolutionConfigurationPlatforms) = preSolution
		Debug|Any CPU = Debug|Any CPU
		Release|Any CPU = Release|Any CPU
	EndGlobalSection
	GlobalSection(ProjectConfigurationPlatforms) = postSolution
		{7DE5A087-F391-42BA-BBF3-B536072A3186}.Debug|Any CPU.ActiveCfg = Debug|Any CPU
		{7DE5A087-F391-42BA-BBF3-B536072A3186}.Debug|Any CPU.Build.0 = Debug|Any CPU
		{7DE5A087-F391-42BA-BBF3-B536072A3186}.Release|Any CPU.ActiveCfg = Release|Any CPU
		{7DE5A087-F391-42BA-BBF3-B536072A3186}.Release|Any CPU.Build.0 = Release|Any CPU
		{FD84E866-A377-47FD-8676-140EBAD265D3}.Debug|Any CPU.ActiveCfg = Debug|Any CPU
		{FD84E866-A377-47FD-8676-140EBAD265D3}.Debug|Any CPU.Build.0 = Debug|Any CPU
		{FD84E866-A377-47FD-8676-140EBAD265D3}.Release|Any CPU.ActiveCfg = Release|Any CPU
		{FD84E866-A377-47FD-8676-140EBAD265D3}.Release|Any CPU.Build.0 = Release|Any CPU
		{264CD52E-7CFF-41B3-AFEA-9A336A2A5B92}.Debug|Any CPU.ActiveCfg = Debug|Any CPU
		{264CD52E-7CFF-41B3-AFEA-9A336A2A5B92}.Debug|Any CPU.Build.0 = Debug|Any CPU
		{264CD52E-7CFF-41B3-AFEA-9A336A2A5B92}.Release|Any CPU.ActiveCfg = Release|Any CPU
		{264CD52E-7CFF-41B3-AFEA-9A336A2A5B92}.Release|Any CPU.Build.0 = Release|Any CPU
		{D2A45E8A-4F0F-47FC-B411-50C77B5E67CF}.Debug|Any CPU.ActiveCfg = Debug|Any CPU
		{D2A45E8A-4F0F-47FC-B411-50C77B5E67CF}.Debug|Any CPU.Build.0 = Debug|Any CPU
		{D2A45E8A-4F0F-47FC-B411-50C77B5E67CF}.Release|Any CPU.ActiveCfg = Release|Any CPU
		{D2A45E8A-4F0F-47FC-B411-50C77B5E67CF}.Release|Any CPU.Build.0 = Release|Any CPU
	EndGlobalSection
	GlobalSection(SolutionProperties) = preSolution
		HideSolutionNode = FALSE
	EndGlobalSection
	GlobalSection(NestedProjects) = preSolution
		{6BF41139-58A7-40C5-92D9-35E390D7F5CC} = {E81A876A-B574-4745-B277-271457CF2C92}
		{6AD2FD2D-96C0-4AB9-90F1-52FA3CC98ED0} = {E81A876A-B574-4745-B277-271457CF2C92}
		{75A9A867-D2A8-4398-BD1F-7401002033A3} = {E81A876A-B574-4745-B277-271457CF2C92}
		{9B0A111D-4B75-4AAE-B4F2-38E1D50A001D} = {6AD2FD2D-96C0-4AB9-90F1-52FA3CC98ED0}
		{7DE5A087-F391-42BA-BBF3-B536072A3186} = {9B0A111D-4B75-4AAE-B4F2-38E1D50A001D}
		{D8C8F8BE-1AE7-4870-87B8-A882EC461114} = {75A9A867-D2A8-4398-BD1F-7401002033A3}
		{FD84E866-A377-47FD-8676-140EBAD265D3} = {D8C8F8BE-1AE7-4870-87B8-A882EC461114}
		{4CCFCB5F-9150-4D48-B899-CAC7CB6FF0BC} = {6BF41139-58A7-40C5-92D9-35E390D7F5CC}
		{264CD52E-7CFF-41B3-AFEA-9A336A2A5B92} = {4CCFCB5F-9150-4D48-B899-CAC7CB6FF0BC}
		{56B78D41-1151-4538-AB97-DC78D639E9F1} = {6AD2FD2D-96C0-4AB9-90F1-52FA3CC98ED0}
		{CC399DC8-35E0-4271-8558-DC0BF6BD1E3D} = {6AD2FD2D-96C0-4AB9-90F1-52FA3CC98ED0}
		{0303224A-FE1B-4C5E-80FC-3B9D2E82593D} = {6AD2FD2D-96C0-4AB9-90F1-52FA3CC98ED0}
		{EC70AD9A-9A82-43BA-9460-BB07D3BA3230} = {6AD2FD2D-96C0-4AB9-90F1-52FA3CC98ED0}
		{80C368A8-4920-47B6-8B11-DC7B07FD5DD3} = {6AD2FD2D-96C0-4AB9-90F1-52FA3CC98ED0}
		{D2A45E8A-4F0F-47FC-B411-50C77B5E67CF} = {56B78D41-1151-4538-AB97-DC78D639E9F1}
	EndGlobalSection
	GlobalSection(ExtensibilityGlobals) = postSolution
		SolutionGuid = {ABE12D45-C910-47C6-817F-9246B75A3D31}
	EndGlobalSection
EndGlobal
